
Microsoft Visual Studio Solution File, Format Version 12.00
# Visual Studio 2015
Project("{FAE04EC0-301F-11D3-BF4B-00C04F79EFBC}") = "Persistance v.0.8.CSharp", "Persistance v.0.8.CSharp.csproj", "{EA6EC27F-0558-2EF5-9161-3FDE9E3EDEEE}"
EndProject
Global
	GlobalSection(SolutionConfigurationPlatforms) = preSolution
		Debug|Any CPU = Debug|Any CPU
		Release|Any CPU = Release|Any CPU
	EndGlobalSection
	GlobalSection(ProjectConfigurationPlatforms) = postSolution
		{EA6EC27F-0558-2EF5-9161-3FDE9E3EDEEE}.Debug|Any CPU.ActiveCfg = Debug|Any CPU
		{EA6EC27F-0558-2EF5-9161-3FDE9E3EDEEE}.Debug|Any CPU.Build.0 = Debug|Any CPU
		{EA6EC27F-0558-2EF5-9161-3FDE9E3EDEEE}.Release|Any CPU.ActiveCfg = Release|Any CPU
		{EA6EC27F-0558-2EF5-9161-3FDE9E3EDEEE}.Release|Any CPU.Build.0 = Release|Any CPU
	EndGlobalSection
	GlobalSection(SolutionProperties) = preSolution
		HideSolutionNode = FALSE
	EndGlobalSection
EndGlobal
