
Microsoft Visual Studio Solution File, Format Version 12.00
# Visual Studio 2015
Project("{FAE04EC0-301F-11D3-BF4B-00C04F79EFBC}") = "Persistance v.2.CSharp", "Persistance v.2.CSharp.csproj", "{222A36B2-D862-DA0C-2AEC-F588FE6FE74E}"
EndProject
Global
	GlobalSection(SolutionConfigurationPlatforms) = preSolution
		Debug|Any CPU = Debug|Any CPU
		Release|Any CPU = Release|Any CPU
	EndGlobalSection
	GlobalSection(ProjectConfigurationPlatforms) = postSolution
		{222A36B2-D862-DA0C-2AEC-F588FE6FE74E}.Debug|Any CPU.ActiveCfg = Debug|Any CPU
		{222A36B2-D862-DA0C-2AEC-F588FE6FE74E}.Debug|Any CPU.Build.0 = Debug|Any CPU
		{222A36B2-D862-DA0C-2AEC-F588FE6FE74E}.Release|Any CPU.ActiveCfg = Release|Any CPU
		{222A36B2-D862-DA0C-2AEC-F588FE6FE74E}.Release|Any CPU.Build.0 = Release|Any CPU
	EndGlobalSection
	GlobalSection(SolutionProperties) = preSolution
		HideSolutionNode = FALSE
	EndGlobalSection
EndGlobal
