
Microsoft Visual Studio Solution File, Format Version 12.00
# Visual Studio 2015
Project("{FAE04EC0-301F-11D3-BF4B-00C04F79EFBC}") = "Persistance v.0.9.CSharp", "Persistance v.0.9.CSharp.csproj", "{192CC2A3-87E9-31FE-F61D-0080B52C8509}"
EndProject
Global
	GlobalSection(SolutionConfigurationPlatforms) = preSolution
		Debug|Any CPU = Debug|Any CPU
		Release|Any CPU = Release|Any CPU
	EndGlobalSection
	GlobalSection(ProjectConfigurationPlatforms) = postSolution
		{192CC2A3-87E9-31FE-F61D-0080B52C8509}.Debug|Any CPU.ActiveCfg = Debug|Any CPU
		{192CC2A3-87E9-31FE-F61D-0080B52C8509}.Debug|Any CPU.Build.0 = Debug|Any CPU
		{192CC2A3-87E9-31FE-F61D-0080B52C8509}.Release|Any CPU.ActiveCfg = Release|Any CPU
		{192CC2A3-87E9-31FE-F61D-0080B52C8509}.Release|Any CPU.Build.0 = Release|Any CPU
	EndGlobalSection
	GlobalSection(SolutionProperties) = preSolution
		HideSolutionNode = FALSE
	EndGlobalSection
EndGlobal
