
Microsoft Visual Studio Solution File, Format Version 12.00
# Visual Studio 2015
Project("{FAE04EC0-301F-11D3-BF4B-00C04F79EFBC}") = "Persistance.CSharp", "Persistance.CSharp.csproj", "{C77BEE2B-DAD1-FB78-D1B5-A75F1E64B367}"
EndProject
Global
	GlobalSection(SolutionConfigurationPlatforms) = preSolution
		Debug|Any CPU = Debug|Any CPU
		Release|Any CPU = Release|Any CPU
	EndGlobalSection
	GlobalSection(ProjectConfigurationPlatforms) = postSolution
		{C77BEE2B-DAD1-FB78-D1B5-A75F1E64B367}.Debug|Any CPU.ActiveCfg = Debug|Any CPU
		{C77BEE2B-DAD1-FB78-D1B5-A75F1E64B367}.Debug|Any CPU.Build.0 = Debug|Any CPU
		{C77BEE2B-DAD1-FB78-D1B5-A75F1E64B367}.Release|Any CPU.ActiveCfg = Release|Any CPU
		{C77BEE2B-DAD1-FB78-D1B5-A75F1E64B367}.Release|Any CPU.Build.0 = Release|Any CPU
	EndGlobalSection
	GlobalSection(SolutionProperties) = preSolution
		HideSolutionNode = FALSE
	EndGlobalSection
EndGlobal
